
Microsoft Visual Studio Solution File, Format Version 12.00
# Visual Studio Version 17
VisualStudioVersion = 17.1.32210.238
MinimumVisualStudioVersion = 10.0.40219.1
Project("{FAE04EC0-301F-11D3-BF4B-00C04F79EFBC}") = "api", "api\api.csproj", "{7565A06A-482A-433F-B04F-BD466CDEC857}"
EndProject
Project("{FAE04EC0-301F-11D3-BF4B-00C04F79EFBC}") = "SiteManagement.Entities", "SiteManagement.Entities\SiteManagement.Entities.csproj", "{3F3330A5-5C02-444F-8EC9-CD8BFCF2A607}"
EndProject
Project("{FAE04EC0-301F-11D3-BF4B-00C04F79EFBC}") = "SiteManagement.DataAcces", "SiteManagement.DataAcces\SiteManagement.DataAcces.csproj", "{1C3B1B36-24EF-4CBB-958D-5EE1D5571CFC}"
EndProject
Project("{FAE04EC0-301F-11D3-BF4B-00C04F79EFBC}") = "SiteManagement.Business", "SiteManagement.Business\SiteManagement.Business.csproj", "{1CA9DF47-3F16-4D0F-8CBD-7E10A27B3CC6}"
EndProject
Global
	GlobalSection(SolutionConfigurationPlatforms) = preSolution
		Debug|Any CPU = Debug|Any CPU
		Release|Any CPU = Release|Any CPU
	EndGlobalSection
	GlobalSection(ProjectConfigurationPlatforms) = postSolution
		{7565A06A-482A-433F-B04F-BD466CDEC857}.Debug|Any CPU.ActiveCfg = Debug|Any CPU
		{7565A06A-482A-433F-B04F-BD466CDEC857}.Debug|Any CPU.Build.0 = Debug|Any CPU
		{7565A06A-482A-433F-B04F-BD466CDEC857}.Release|Any CPU.ActiveCfg = Release|Any CPU
		{7565A06A-482A-433F-B04F-BD466CDEC857}.Release|Any CPU.Build.0 = Release|Any CPU
		{3F3330A5-5C02-444F-8EC9-CD8BFCF2A607}.Debug|Any CPU.ActiveCfg = Debug|Any CPU
		{3F3330A5-5C02-444F-8EC9-CD8BFCF2A607}.Debug|Any CPU.Build.0 = Debug|Any CPU
		{3F3330A5-5C02-444F-8EC9-CD8BFCF2A607}.Release|Any CPU.ActiveCfg = Release|Any CPU
		{3F3330A5-5C02-444F-8EC9-CD8BFCF2A607}.Release|Any CPU.Build.0 = Release|Any CPU
		{1C3B1B36-24EF-4CBB-958D-5EE1D5571CFC}.Debug|Any CPU.ActiveCfg = Debug|Any CPU
		{1C3B1B36-24EF-4CBB-958D-5EE1D5571CFC}.Debug|Any CPU.Build.0 = Debug|Any CPU
		{1C3B1B36-24EF-4CBB-958D-5EE1D5571CFC}.Release|Any CPU.ActiveCfg = Release|Any CPU
		{1C3B1B36-24EF-4CBB-958D-5EE1D5571CFC}.Release|Any CPU.Build.0 = Release|Any CPU
		{1CA9DF47-3F16-4D0F-8CBD-7E10A27B3CC6}.Debug|Any CPU.ActiveCfg = Debug|Any CPU
		{1CA9DF47-3F16-4D0F-8CBD-7E10A27B3CC6}.Debug|Any CPU.Build.0 = Debug|Any CPU
		{1CA9DF47-3F16-4D0F-8CBD-7E10A27B3CC6}.Release|Any CPU.ActiveCfg = Release|Any CPU
		{1CA9DF47-3F16-4D0F-8CBD-7E10A27B3CC6}.Release|Any CPU.Build.0 = Release|Any CPU
	EndGlobalSection
	GlobalSection(SolutionProperties) = preSolution
		HideSolutionNode = FALSE
	EndGlobalSection
	GlobalSection(ExtensibilityGlobals) = postSolution
		SolutionGuid = {4D33328B-D628-4A54-8556-7CF3BF6E54AF}
	EndGlobalSection
EndGlobal
